
Microsoft Visual Studio Solution File, Format Version 12.00
# Visual Studio 15
VisualStudioVersion = 15.0.28010.2016
MinimumVisualStudioVersion = 10.0.40219.1
Project("{FAE04EC0-301F-11D3-BF4B-00C04F79EFBC}") = "U1-5-Martynas-Risys", "L.1 Protų musis\U1-5-Martynas-Risys.csproj", "{FAC7F1D5-341A-49DC-97E0-B14049827F41}"
EndProject
Project("{FAE04EC0-301F-11D3-BF4B-00C04F79EFBC}") = "U2-5_Mantas_Danauskas", "U2-5_Mantas_Danauskas\U2-5_Mantas_Danauskas.csproj", "{79FF6495-086D-4DB2-BC0D-54172F83F2C2}"
EndProject
Project("{FAE04EC0-301F-11D3-BF4B-00C04F79EFBC}") = "U3-5_Arminas_Marozas", "U3-5_Arminas_Marozas\U3-5_Arminas_Marozas.csproj", "{4140A1E8-450D-4AD7-B1FB-AF2AE5A54BF9}"
EndProject
Global
	GlobalSection(SolutionConfigurationPlatforms) = preSolution
		Debug|Any CPU = Debug|Any CPU
		Release|Any CPU = Release|Any CPU
	EndGlobalSection
	GlobalSection(ProjectConfigurationPlatforms) = postSolution
		{FAC7F1D5-341A-49DC-97E0-B14049827F41}.Debug|Any CPU.ActiveCfg = Debug|Any CPU
		{FAC7F1D5-341A-49DC-97E0-B14049827F41}.Debug|Any CPU.Build.0 = Debug|Any CPU
		{FAC7F1D5-341A-49DC-97E0-B14049827F41}.Release|Any CPU.ActiveCfg = Release|Any CPU
		{FAC7F1D5-341A-49DC-97E0-B14049827F41}.Release|Any CPU.Build.0 = Release|Any CPU
		{79FF6495-086D-4DB2-BC0D-54172F83F2C2}.Debug|Any CPU.ActiveCfg = Debug|Any CPU
		{79FF6495-086D-4DB2-BC0D-54172F83F2C2}.Debug|Any CPU.Build.0 = Debug|Any CPU
		{79FF6495-086D-4DB2-BC0D-54172F83F2C2}.Release|Any CPU.ActiveCfg = Release|Any CPU
		{79FF6495-086D-4DB2-BC0D-54172F83F2C2}.Release|Any CPU.Build.0 = Release|Any CPU
		{4140A1E8-450D-4AD7-B1FB-AF2AE5A54BF9}.Debug|Any CPU.ActiveCfg = Debug|Any CPU
		{4140A1E8-450D-4AD7-B1FB-AF2AE5A54BF9}.Debug|Any CPU.Build.0 = Debug|Any CPU
		{4140A1E8-450D-4AD7-B1FB-AF2AE5A54BF9}.Release|Any CPU.ActiveCfg = Release|Any CPU
		{4140A1E8-450D-4AD7-B1FB-AF2AE5A54BF9}.Release|Any CPU.Build.0 = Release|Any CPU
	EndGlobalSection
	GlobalSection(SolutionProperties) = preSolution
		HideSolutionNode = FALSE
	EndGlobalSection
	GlobalSection(ExtensibilityGlobals) = postSolution
		SolutionGuid = {C3E1616C-5096-41AE-BDD7-C754E9E53572}
	EndGlobalSection
EndGlobal
